
Microsoft Visual Studio Solution File, Format Version 12.00
# Visual Studio 15
VisualStudioVersion = 15.0.28307.572
MinimumVisualStudioVersion = 10.0.40219.1
Project("{9A19103F-16F7-4668-BE54-9A1E7A4F7556}") = "SearchEngine.API", "SearchEngine.API.csproj", "{7D2C8442-EB8B-48AB-8560-29495C0639B7}"
EndProject
Project("{9A19103F-16F7-4668-BE54-9A1E7A4F7556}") = "SearchEngine.Services", "..\SearchEngine-DataService\SearchEngine.Services.csproj", "{5366AF68-6E49-4DD1-86A9-579472D13CBD}"
EndProject
Project("{FAE04EC0-301F-11D3-BF4B-00C04F79EFBC}") = "SearchEngine.Data", "..\SearchEngine.Data\SearchEngine.Data.csproj", "{DB2E239B-7D47-4CA2-89FE-4EA3617AD0D5}"
EndProject
Project("{FAE04EC0-301F-11D3-BF4B-00C04F79EFBC}") = "SearchEngine.Play", "SearchEngine.Play\SearchEngine.Play.csproj", "{5D0F0AF6-858B-4C46-89CD-9D14F7CF7AAB}"
EndProject
Global
	GlobalSection(SolutionConfigurationPlatforms) = preSolution
		Debug|Any CPU = Debug|Any CPU
		Release|Any CPU = Release|Any CPU
	EndGlobalSection
	GlobalSection(ProjectConfigurationPlatforms) = postSolution
		{7D2C8442-EB8B-48AB-8560-29495C0639B7}.Debug|Any CPU.ActiveCfg = Debug|Any CPU
		{7D2C8442-EB8B-48AB-8560-29495C0639B7}.Debug|Any CPU.Build.0 = Debug|Any CPU
		{7D2C8442-EB8B-48AB-8560-29495C0639B7}.Release|Any CPU.ActiveCfg = Release|Any CPU
		{7D2C8442-EB8B-48AB-8560-29495C0639B7}.Release|Any CPU.Build.0 = Release|Any CPU
		{5366AF68-6E49-4DD1-86A9-579472D13CBD}.Debug|Any CPU.ActiveCfg = Debug|Any CPU
		{5366AF68-6E49-4DD1-86A9-579472D13CBD}.Debug|Any CPU.Build.0 = Debug|Any CPU
		{5366AF68-6E49-4DD1-86A9-579472D13CBD}.Release|Any CPU.ActiveCfg = Release|Any CPU
		{5366AF68-6E49-4DD1-86A9-579472D13CBD}.Release|Any CPU.Build.0 = Release|Any CPU
		{DB2E239B-7D47-4CA2-89FE-4EA3617AD0D5}.Debug|Any CPU.ActiveCfg = Debug|Any CPU
		{DB2E239B-7D47-4CA2-89FE-4EA3617AD0D5}.Debug|Any CPU.Build.0 = Debug|Any CPU
		{DB2E239B-7D47-4CA2-89FE-4EA3617AD0D5}.Release|Any CPU.ActiveCfg = Release|Any CPU
		{DB2E239B-7D47-4CA2-89FE-4EA3617AD0D5}.Release|Any CPU.Build.0 = Release|Any CPU
		{5D0F0AF6-858B-4C46-89CD-9D14F7CF7AAB}.Debug|Any CPU.ActiveCfg = Debug|Any CPU
		{5D0F0AF6-858B-4C46-89CD-9D14F7CF7AAB}.Debug|Any CPU.Build.0 = Debug|Any CPU
		{5D0F0AF6-858B-4C46-89CD-9D14F7CF7AAB}.Release|Any CPU.ActiveCfg = Release|Any CPU
		{5D0F0AF6-858B-4C46-89CD-9D14F7CF7AAB}.Release|Any CPU.Build.0 = Release|Any CPU
	EndGlobalSection
	GlobalSection(SolutionProperties) = preSolution
		HideSolutionNode = FALSE
	EndGlobalSection
	GlobalSection(ExtensibilityGlobals) = postSolution
		SolutionGuid = {C87B2C65-20C3-4224-A9B4-5C14CF16AF8A}
	EndGlobalSection
EndGlobal
